// !$*UTF8*$!
{
	archiveVersion = 1;
	classes = {
	};
	objectVersion = 56;
	objects = {

/* Begin PBXBuildFile section */
		DBCF56222994444100536B7C /* TriangleSorted.hpp in Headers */ = {isa = PBXBuildFile; fileRef = DBCF56212994444100536B7C /* TriangleSorted.hpp */; };
		DBCF56262994444100536B7C /* TriangleSorted.cpp in Sources */ = {isa = PBXBuildFile; fileRef = DBCF56252994444100536B7C /* TriangleSorted.cpp */; };
		DBCF56332994446F00536B7C /* TriangleSortedTests.mm in Sources */ = {isa = PBXBuildFile; fileRef = DBCF56322994446F00536B7C /* TriangleSortedTests.mm */; };
		DBCF56342994446F00536B7C /* libCppPractice.a in Frameworks */ = {isa = PBXBuildFile; fileRef = DBCF561E2994444100536B7C /* libCppPractice.a */; };
		DBCF563D299472AF00536B7C /* TriangleSortedC.h in Headers */ = {isa = PBXBuildFile; fileRef = DBCF563B299472AF00536B7C /* TriangleSortedC.h */; };
		DBCF563E299472AF00536B7C /* TriangleSortedC.c in Sources */ = {isa = PBXBuildFile; fileRef = DBCF563C299472AF00536B7C /* TriangleSortedC.c */; };
		DBCF5640299472D800536B7C /* TriangleSortedCTests.m in Sources */ = {isa = PBXBuildFile; fileRef = DBCF563F299472D800536B7C /* TriangleSortedCTests.m */; };
		DBCF56442994866F00536B7C /* Heap.h in Headers */ = {isa = PBXBuildFile; fileRef = DBCF56422994866F00536B7C /* Heap.h */; };
		DBCF56452994866F00536B7C /* Heap.c in Sources */ = {isa = PBXBuildFile; fileRef = DBCF56432994866F00536B7C /* Heap.c */; };
		DBCF5647299488E400536B7C /* HeapTests.m in Sources */ = {isa = PBXBuildFile; fileRef = DBCF5646299488E400536B7C /* HeapTests.m */; };
		DBCF564A2995239600536B7C /* Graph.h in Headers */ = {isa = PBXBuildFile; fileRef = DBCF56482995239600536B7C /* Graph.h */; };
		DBCF564B2995239600536B7C /* Graph.c in Sources */ = {isa = PBXBuildFile; fileRef = DBCF56492995239600536B7C /* Graph.c */; };
		DBCF564D29952CBA00536B7C /* GraphTests.m in Sources */ = {isa = PBXBuildFile; fileRef = DBCF564C29952CBA00536B7C /* GraphTests.m */; };
		DBCF56502995E44100536B7C /* IntArray.h in Headers */ = {isa = PBXBuildFile; fileRef = DBCF564E2995E44100536B7C /* IntArray.h */; };
		DBCF56512995E44100536B7C /* IntArray.c in Sources */ = {isa = PBXBuildFile; fileRef = DBCF564F2995E44100536B7C /* IntArray.c */; };
		DBCF56532995E83700536B7C /* ArrayTests.m in Sources */ = {isa = PBXBuildFile; fileRef = DBCF56522995E83700536B7C /* ArrayTests.m */; };
		DBCF56562996DBD600536B7C /* GraphPath.h in Headers */ = {isa = PBXBuildFile; fileRef = DBCF56542996DBD600536B7C /* GraphPath.h */; };
		DBCF56572996DBD600536B7C /* GraphPath.c in Sources */ = {isa = PBXBuildFile; fileRef = DBCF56552996DBD600536B7C /* GraphPath.c */; };
		DBCF56592996EB1700536B7C /* GraphPathTests.m in Sources */ = {isa = PBXBuildFile; fileRef = DBCF56582996EB1700536B7C /* GraphPathTests.m */; };
		DBCF565C2996EBA600536B7C /* Graphs.c in Sources */ = {isa = PBXBuildFile; fileRef = DBCF565B2996EBA600536B7C /* Graphs.c */; };
		DBCF565F2998479700536B7C /* QuickSort.h in Headers */ = {isa = PBXBuildFile; fileRef = DBCF565D2998479700536B7C /* QuickSort.h */; };
		DBCF56602998479700536B7C /* QuickSort.c in Sources */ = {isa = PBXBuildFile; fileRef = DBCF565E2998479700536B7C /* QuickSort.c */; };
		DBCF566229984B5200536B7C /* QuickSortTests.m in Sources */ = {isa = PBXBuildFile; fileRef = DBCF566129984B5200536B7C /* QuickSortTests.m */; };
		DBCF5665299A968B00536B7C /* SortedMap.h in Headers */ = {isa = PBXBuildFile; fileRef = DBCF5663299A968B00536B7C /* SortedMap.h */; };
		DBCF5666299A968B00536B7C /* SortedMap.c in Sources */ = {isa = PBXBuildFile; fileRef = DBCF5664299A968B00536B7C /* SortedMap.c */; };
		DBCF5668299AFA1A00536B7C /* SortedMapTests.m in Sources */ = {isa = PBXBuildFile; fileRef = DBCF5667299AFA1A00536B7C /* SortedMapTests.m */; };
		DBCF566B299C12C500536B7C /* HashMap.h in Headers */ = {isa = PBXBuildFile; fileRef = DBCF5669299C12C500536B7C /* HashMap.h */; };
		DBCF566C299C12C500536B7C /* HashMap.c in Sources */ = {isa = PBXBuildFile; fileRef = DBCF566A299C12C500536B7C /* HashMap.c */; };
		DBCF566E299C1CF700536B7C /* HashMapTests.m in Sources */ = {isa = PBXBuildFile; fileRef = DBCF566D299C1CF700536B7C /* HashMapTests.m */; };
/* End PBXBuildFile section */

/* Begin PBXContainerItemProxy section */
		DBCF56352994446F00536B7C /* PBXContainerItemProxy */ = {
			isa = PBXContainerItemProxy;
			containerPortal = DBCF56162994444100536B7C /* Project object */;
			proxyType = 1;
			remoteGlobalIDString = DBCF561D2994444100536B7C;
			remoteInfo = CppPractice;
		};
/* End PBXContainerItemProxy section */

/* Begin PBXFileReference section */
		DBCF561E2994444100536B7C /* libCppPractice.a */ = {isa = PBXFileReference; explicitFileType = archive.ar; includeInIndex = 0; path = libCppPractice.a; sourceTree = BUILT_PRODUCTS_DIR; };
		DBCF56212994444100536B7C /* TriangleSorted.hpp */ = {isa = PBXFileReference; lastKnownFileType = sourcecode.cpp.h; path = TriangleSorted.hpp; sourceTree = "<group>"; };
		DBCF56252994444100536B7C /* TriangleSorted.cpp */ = {isa = PBXFileReference; lastKnownFileType = sourcecode.cpp.cpp; path = TriangleSorted.cpp; sourceTree = "<group>"; };
		DBCF56302994446F00536B7C /* Tests.xctest */ = {isa = PBXFileReference; explicitFileType = wrapper.cfbundle; includeInIndex = 0; path = Tests.xctest; sourceTree = BUILT_PRODUCTS_DIR; };
		DBCF56322994446F00536B7C /* TriangleSortedTests.mm */ = {isa = PBXFileReference; lastKnownFileType = sourcecode.cpp.objcpp; path = TriangleSortedTests.mm; sourceTree = "<group>"; };
		DBCF563A29944D7800536B7C /* TestUtils.hpp */ = {isa = PBXFileReference; lastKnownFileType = sourcecode.cpp.h; path = TestUtils.hpp; sourceTree = "<group>"; };
		DBCF563B299472AF00536B7C /* TriangleSortedC.h */ = {isa = PBXFileReference; lastKnownFileType = sourcecode.c.h; path = TriangleSortedC.h; sourceTree = "<group>"; };
		DBCF563C299472AF00536B7C /* TriangleSortedC.c */ = {isa = PBXFileReference; lastKnownFileType = sourcecode.c.c; path = TriangleSortedC.c; sourceTree = "<group>"; };
		DBCF563F299472D800536B7C /* TriangleSortedCTests.m */ = {isa = PBXFileReference; lastKnownFileType = sourcecode.c.objc; path = TriangleSortedCTests.m; sourceTree = "<group>"; };
		DBCF56412994733700536B7C /* TestUtilsC.h */ = {isa = PBXFileReference; lastKnownFileType = sourcecode.c.h; path = TestUtilsC.h; sourceTree = "<group>"; };
		DBCF56422994866F00536B7C /* Heap.h */ = {isa = PBXFileReference; lastKnownFileType = sourcecode.c.h; path = Heap.h; sourceTree = "<group>"; };
		DBCF56432994866F00536B7C /* Heap.c */ = {isa = PBXFileReference; lastKnownFileType = sourcecode.c.c; path = Heap.c; sourceTree = "<group>"; };
		DBCF5646299488E400536B7C /* HeapTests.m */ = {isa = PBXFileReference; lastKnownFileType = sourcecode.c.objc; path = HeapTests.m; sourceTree = "<group>"; };
		DBCF56482995239600536B7C /* Graph.h */ = {isa = PBXFileReference; lastKnownFileType = sourcecode.c.h; path = Graph.h; sourceTree = "<group>"; };
		DBCF56492995239600536B7C /* Graph.c */ = {isa = PBXFileReference; lastKnownFileType = sourcecode.c.c; path = Graph.c; sourceTree = "<group>"; };
		DBCF564C29952CBA00536B7C /* GraphTests.m */ = {isa = PBXFileReference; lastKnownFileType = sourcecode.c.objc; path = GraphTests.m; sourceTree = "<group>"; };
		DBCF564E2995E44100536B7C /* IntArray.h */ = {isa = PBXFileReference; lastKnownFileType = sourcecode.c.h; path = IntArray.h; sourceTree = "<group>"; };
		DBCF564F2995E44100536B7C /* IntArray.c */ = {isa = PBXFileReference; lastKnownFileType = sourcecode.c.c; path = IntArray.c; sourceTree = "<group>"; };
		DBCF56522995E83700536B7C /* ArrayTests.m */ = {isa = PBXFileReference; lastKnownFileType = sourcecode.c.objc; path = ArrayTests.m; sourceTree = "<group>"; };
		DBCF56542996DBD600536B7C /* GraphPath.h */ = {isa = PBXFileReference; lastKnownFileType = sourcecode.c.h; path = GraphPath.h; sourceTree = "<group>"; };
		DBCF56552996DBD600536B7C /* GraphPath.c */ = {isa = PBXFileReference; lastKnownFileType = sourcecode.c.c; path = GraphPath.c; sourceTree = "<group>"; };
		DBCF56582996EB1700536B7C /* GraphPathTests.m */ = {isa = PBXFileReference; lastKnownFileType = sourcecode.c.objc; path = GraphPathTests.m; sourceTree = "<group>"; };
		DBCF565A2996EBA600536B7C /* Graphs.h */ = {isa = PBXFileReference; lastKnownFileType = sourcecode.c.h; path = Graphs.h; sourceTree = "<group>"; };
		DBCF565B2996EBA600536B7C /* Graphs.c */ = {isa = PBXFileReference; lastKnownFileType = sourcecode.c.c; path = Graphs.c; sourceTree = "<group>"; };
		DBCF565D2998479700536B7C /* QuickSort.h */ = {isa = PBXFileReference; lastKnownFileType = sourcecode.c.h; path = QuickSort.h; sourceTree = "<group>"; };
		DBCF565E2998479700536B7C /* QuickSort.c */ = {isa = PBXFileReference; lastKnownFileType = sourcecode.c.c; path = QuickSort.c; sourceTree = "<group>"; };
		DBCF566129984B5200536B7C /* QuickSortTests.m */ = {isa = PBXFileReference; lastKnownFileType = sourcecode.c.objc; path = QuickSortTests.m; sourceTree = "<group>"; };
		DBCF5663299A968B00536B7C /* SortedMap.h */ = {isa = PBXFileReference; lastKnownFileType = sourcecode.c.h; path = SortedMap.h; sourceTree = "<group>"; };
		DBCF5664299A968B00536B7C /* SortedMap.c */ = {isa = PBXFileReference; lastKnownFileType = sourcecode.c.c; path = SortedMap.c; sourceTree = "<group>"; };
		DBCF5667299AFA1A00536B7C /* SortedMapTests.m */ = {isa = PBXFileReference; lastKnownFileType = sourcecode.c.objc; path = SortedMapTests.m; sourceTree = "<group>"; };
		DBCF5669299C12C500536B7C /* HashMap.h */ = {isa = PBXFileReference; lastKnownFileType = sourcecode.c.h; path = HashMap.h; sourceTree = "<group>"; };
		DBCF566A299C12C500536B7C /* HashMap.c */ = {isa = PBXFileReference; lastKnownFileType = sourcecode.c.c; path = HashMap.c; sourceTree = "<group>"; };
		DBCF566D299C1CF700536B7C /* HashMapTests.m */ = {isa = PBXFileReference; lastKnownFileType = sourcecode.c.objc; path = HashMapTests.m; sourceTree = "<group>"; };
/* End PBXFileReference section */

/* Begin PBXFrameworksBuildPhase section */
		DBCF561C2994444100536B7C /* Frameworks */ = {
			isa = PBXFrameworksBuildPhase;
			buildActionMask = 2147483647;
			files = (
			);
			runOnlyForDeploymentPostprocessing = 0;
		};
		DBCF562D2994446F00536B7C /* Frameworks */ = {
			isa = PBXFrameworksBuildPhase;
			buildActionMask = 2147483647;
			files = (
				DBCF56342994446F00536B7C /* libCppPractice.a in Frameworks */,
			);
			runOnlyForDeploymentPostprocessing = 0;
		};
/* End PBXFrameworksBuildPhase section */

/* Begin PBXGroup section */
		DBCF56152994444100536B7C = {
			isa = PBXGroup;
			children = (
				DBCF56202994444100536B7C /* CppPractice */,
				DBCF56312994446F00536B7C /* Tests */,
				DBCF561F2994444100536B7C /* Products */,
			);
			sourceTree = "<group>";
		};
		DBCF561F2994444100536B7C /* Products */ = {
			isa = PBXGroup;
			children = (
				DBCF561E2994444100536B7C /* libCppPractice.a */,
				DBCF56302994446F00536B7C /* Tests.xctest */,
			);
			name = Products;
			sourceTree = "<group>";
		};
		DBCF56202994444100536B7C /* CppPractice */ = {
			isa = PBXGroup;
			children = (
				DBCF56422994866F00536B7C /* Heap.h */,
				DBCF56432994866F00536B7C /* Heap.c */,
				DBCF564E2995E44100536B7C /* IntArray.h */,
				DBCF564F2995E44100536B7C /* IntArray.c */,
				DBCF56482995239600536B7C /* Graph.h */,
				DBCF56492995239600536B7C /* Graph.c */,
				DBCF56542996DBD600536B7C /* GraphPath.h */,
				DBCF56552996DBD600536B7C /* GraphPath.c */,
				DBCF5669299C12C500536B7C /* HashMap.h */,
				DBCF566A299C12C500536B7C /* HashMap.c */,
				DBCF5663299A968B00536B7C /* SortedMap.h */,
				DBCF5664299A968B00536B7C /* SortedMap.c */,
				DBCF56212994444100536B7C /* TriangleSorted.hpp */,
				DBCF56252994444100536B7C /* TriangleSorted.cpp */,
				DBCF563B299472AF00536B7C /* TriangleSortedC.h */,
				DBCF563C299472AF00536B7C /* TriangleSortedC.c */,
				DBCF565D2998479700536B7C /* QuickSort.h */,
				DBCF565E2998479700536B7C /* QuickSort.c */,
			);
			path = CppPractice;
			sourceTree = "<group>";
		};
		DBCF56312994446F00536B7C /* Tests */ = {
			isa = PBXGroup;
			children = (
				DBCF56522995E83700536B7C /* ArrayTests.m */,
				DBCF564C29952CBA00536B7C /* GraphTests.m */,
				DBCF56582996EB1700536B7C /* GraphPathTests.m */,
				DBCF566D299C1CF700536B7C /* HashMapTests.m */,
				DBCF5646299488E400536B7C /* HeapTests.m */,
				DBCF565A2996EBA600536B7C /* Graphs.h */,
				DBCF565B2996EBA600536B7C /* Graphs.c */,
				DBCF5667299AFA1A00536B7C /* SortedMapTests.m */,
				DBCF563A29944D7800536B7C /* TestUtils.hpp */,
				DBCF56412994733700536B7C /* TestUtilsC.h */,
				DBCF56322994446F00536B7C /* TriangleSortedTests.mm */,
				DBCF563F299472D800536B7C /* TriangleSortedCTests.m */,
				DBCF566129984B5200536B7C /* QuickSortTests.m */,
			);
			path = Tests;
			sourceTree = "<group>";
		};
/* End PBXGroup section */

/* Begin PBXHeadersBuildPhase section */
		DBCF561A2994444100536B7C /* Headers */ = {
			isa = PBXHeadersBuildPhase;
			buildActionMask = 2147483647;
			files = (
				DBCF5665299A968B00536B7C /* SortedMap.h in Headers */,
				DBCF56442994866F00536B7C /* Heap.h in Headers */,
				DBCF56222994444100536B7C /* TriangleSorted.hpp in Headers */,
				DBCF56502995E44100536B7C /* IntArray.h in Headers */,
				DBCF565F2998479700536B7C /* QuickSort.h in Headers */,
				DBCF56562996DBD600536B7C /* GraphPath.h in Headers */,
				DBCF566B299C12C500536B7C /* HashMap.h in Headers */,
				DBCF563D299472AF00536B7C /* TriangleSortedC.h in Headers */,
				DBCF564A2995239600536B7C /* Graph.h in Headers */,
			);
			runOnlyForDeploymentPostprocessing = 0;
		};
/* End PBXHeadersBuildPhase section */

/* Begin PBXNativeTarget section */
		DBCF561D2994444100536B7C /* CppPractice */ = {
			isa = PBXNativeTarget;
			buildConfigurationList = DBCF56292994444100536B7C /* Build configuration list for PBXNativeTarget "CppPractice" */;
			buildPhases = (
				DBCF561A2994444100536B7C /* Headers */,
				DBCF561B2994444100536B7C /* Sources */,
				DBCF561C2994444100536B7C /* Frameworks */,
			);
			buildRules = (
			);
			dependencies = (
			);
			name = CppPractice;
			productName = CppPractice;
			productReference = DBCF561E2994444100536B7C /* libCppPractice.a */;
			productType = "com.apple.product-type.library.static";
		};
		DBCF562F2994446F00536B7C /* Tests */ = {
			isa = PBXNativeTarget;
			buildConfigurationList = DBCF56372994446F00536B7C /* Build configuration list for PBXNativeTarget "Tests" */;
			buildPhases = (
				DBCF562C2994446F00536B7C /* Sources */,
				DBCF562D2994446F00536B7C /* Frameworks */,
				DBCF562E2994446F00536B7C /* Resources */,
			);
			buildRules = (
			);
			dependencies = (
				DBCF56362994446F00536B7C /* PBXTargetDependency */,
			);
			name = Tests;
			productName = Tests;
			productReference = DBCF56302994446F00536B7C /* Tests.xctest */;
			productType = "com.apple.product-type.bundle.unit-test";
		};
/* End PBXNativeTarget section */

/* Begin PBXProject section */
		DBCF56162994444100536B7C /* Project object */ = {
			isa = PBXProject;
			attributes = {
				BuildIndependentTargetsInParallel = 1;
				LastUpgradeCheck = 1420;
				TargetAttributes = {
					DBCF561D2994444100536B7C = {
						CreatedOnToolsVersion = 14.2;
					};
					DBCF562F2994446F00536B7C = {
						CreatedOnToolsVersion = 14.2;
					};
				};
			};
			buildConfigurationList = DBCF56192994444100536B7C /* Build configuration list for PBXProject "CppPractice" */;
			compatibilityVersion = "Xcode 14.0";
			developmentRegion = en;
			hasScannedForEncodings = 0;
			knownRegions = (
				en,
				Base,
			);
			mainGroup = DBCF56152994444100536B7C;
			productRefGroup = DBCF561F2994444100536B7C /* Products */;
			projectDirPath = "";
			projectRoot = "";
			targets = (
				DBCF561D2994444100536B7C /* CppPractice */,
				DBCF562F2994446F00536B7C /* Tests */,
			);
		};
/* End PBXProject section */

/* Begin PBXResourcesBuildPhase section */
		DBCF562E2994446F00536B7C /* Resources */ = {
			isa = PBXResourcesBuildPhase;
			buildActionMask = 2147483647;
			files = (
			);
			runOnlyForDeploymentPostprocessing = 0;
		};
/* End PBXResourcesBuildPhase section */

/* Begin PBXSourcesBuildPhase section */
		DBCF561B2994444100536B7C /* Sources */ = {
			isa = PBXSourcesBuildPhase;
			buildActionMask = 2147483647;
			files = (
				DBCF56572996DBD600536B7C /* GraphPath.c in Sources */,
				DBCF563E299472AF00536B7C /* TriangleSortedC.c in Sources */,
				DBCF56262994444100536B7C /* TriangleSorted.cpp in Sources */,
				DBCF5666299A968B00536B7C /* SortedMap.c in Sources */,
				DBCF56512995E44100536B7C /* IntArray.c in Sources */,
				DBCF564B2995239600536B7C /* Graph.c in Sources */,
				DBCF566C299C12C500536B7C /* HashMap.c in Sources */,
				DBCF56452994866F00536B7C /* Heap.c in Sources */,
				DBCF56602998479700536B7C /* QuickSort.c in Sources */,
			);
			runOnlyForDeploymentPostprocessing = 0;
		};
		DBCF562C2994446F00536B7C /* Sources */ = {
			isa = PBXSourcesBuildPhase;
			buildActionMask = 2147483647;
			files = (
				DBCF565C2996EBA600536B7C /* Graphs.c in Sources */,
				DBCF564D29952CBA00536B7C /* GraphTests.m in Sources */,
				DBCF5640299472D800536B7C /* TriangleSortedCTests.m in Sources */,
				DBCF566229984B5200536B7C /* QuickSortTests.m in Sources */,
				DBCF566E299C1CF700536B7C /* HashMapTests.m in Sources */,
				DBCF5647299488E400536B7C /* HeapTests.m in Sources */,
				DBCF56592996EB1700536B7C /* GraphPathTests.m in Sources */,
				DBCF56532995E83700536B7C /* ArrayTests.m in Sources */,
				DBCF5668299AFA1A00536B7C /* SortedMapTests.m in Sources */,
				DBCF56332994446F00536B7C /* TriangleSortedTests.mm in Sources */,
			);
			runOnlyForDeploymentPostprocessing = 0;
		};
/* End PBXSourcesBuildPhase section */

/* Begin PBXTargetDependency section */
		DBCF56362994446F00536B7C /* PBXTargetDependency */ = {
			isa = PBXTargetDependency;
			target = DBCF561D2994444100536B7C /* CppPractice */;
			targetProxy = DBCF56352994446F00536B7C /* PBXContainerItemProxy */;
		};
/* End PBXTargetDependency section */

/* Begin XCBuildConfiguration section */
		DBCF56272994444100536B7C /* Debug */ = {
			isa = XCBuildConfiguration;
			buildSettings = {
				ALWAYS_SEARCH_USER_PATHS = NO;
				CLANG_ANALYZER_NONNULL = YES;
				CLANG_ANALYZER_NUMBER_OBJECT_CONVERSION = YES_AGGRESSIVE;
				CLANG_CXX_LANGUAGE_STANDARD = "gnu++20";
				CLANG_ENABLE_MODULES = YES;
				CLANG_ENABLE_OBJC_ARC = YES;
				CLANG_ENABLE_OBJC_WEAK = YES;
				CLANG_WARN_BLOCK_CAPTURE_AUTORELEASING = YES;
				CLANG_WARN_BOOL_CONVERSION = YES;
				CLANG_WARN_COMMA = YES;
				CLANG_WARN_CONSTANT_CONVERSION = YES;
				CLANG_WARN_DEPRECATED_OBJC_IMPLEMENTATIONS = YES;
				CLANG_WARN_DIRECT_OBJC_ISA_USAGE = YES_ERROR;
				CLANG_WARN_DOCUMENTATION_COMMENTS = YES;
				CLANG_WARN_EMPTY_BODY = YES;
				CLANG_WARN_ENUM_CONVERSION = YES;
				CLANG_WARN_INFINITE_RECURSION = YES;
				CLANG_WARN_INT_CONVERSION = YES;
				CLANG_WARN_NON_LITERAL_NULL_CONVERSION = YES;
				CLANG_WARN_OBJC_IMPLICIT_RETAIN_SELF = YES;
				CLANG_WARN_OBJC_LITERAL_CONVERSION = YES;
				CLANG_WARN_OBJC_ROOT_CLASS = YES_ERROR;
				CLANG_WARN_QUOTED_INCLUDE_IN_FRAMEWORK_HEADER = YES;
				CLANG_WARN_RANGE_LOOP_ANALYSIS = YES;
				CLANG_WARN_STRICT_PROTOTYPES = YES;
				CLANG_WARN_SUSPICIOUS_MOVE = YES;
				CLANG_WARN_UNGUARDED_AVAILABILITY = YES_AGGRESSIVE;
				CLANG_WARN_UNREACHABLE_CODE = YES;
				CLANG_WARN__DUPLICATE_METHOD_MATCH = YES;
				COPY_PHASE_STRIP = NO;
				DEBUG_INFORMATION_FORMAT = dwarf;
				ENABLE_STRICT_OBJC_MSGSEND = YES;
				ENABLE_TESTABILITY = YES;
				GCC_C_LANGUAGE_STANDARD = gnu11;
				GCC_DYNAMIC_NO_PIC = NO;
				GCC_NO_COMMON_BLOCKS = YES;
				GCC_OPTIMIZATION_LEVEL = 0;
				GCC_PREPROCESSOR_DEFINITIONS = (
					"DEBUG=1",
					"$(inherited)",
				);
				GCC_WARN_64_TO_32_BIT_CONVERSION = YES;
				GCC_WARN_ABOUT_RETURN_TYPE = YES_ERROR;
				GCC_WARN_UNDECLARED_SELECTOR = YES;
				GCC_WARN_UNINITIALIZED_AUTOS = YES_AGGRESSIVE;
				GCC_WARN_UNUSED_FUNCTION = YES;
				GCC_WARN_UNUSED_VARIABLE = YES;
				MACOSX_DEPLOYMENT_TARGET = 13.1;
				MTL_ENABLE_DEBUG_INFO = INCLUDE_SOURCE;
				MTL_FAST_MATH = YES;
				ONLY_ACTIVE_ARCH = YES;
				SDKROOT = macosx;
			};
			name = Debug;
		};
		DBCF56282994444100536B7C /* Release */ = {
			isa = XCBuildConfiguration;
			buildSettings = {
				ALWAYS_SEARCH_USER_PATHS = NO;
				CLANG_ANALYZER_NONNULL = YES;
				CLANG_ANALYZER_NUMBER_OBJECT_CONVERSION = YES_AGGRESSIVE;
				CLANG_CXX_LANGUAGE_STANDARD = "gnu++20";
				CLANG_ENABLE_MODULES = YES;
				CLANG_ENABLE_OBJC_ARC = YES;
				CLANG_ENABLE_OBJC_WEAK = YES;
				CLANG_WARN_BLOCK_CAPTURE_AUTORELEASING = YES;
				CLANG_WARN_BOOL_CONVERSION = YES;
				CLANG_WARN_COMMA = YES;
				CLANG_WARN_CONSTANT_CONVERSION = YES;
				CLANG_WARN_DEPRECATED_OBJC_IMPLEMENTATIONS = YES;
				CLANG_WARN_DIRECT_OBJC_ISA_USAGE = YES_ERROR;
				CLANG_WARN_DOCUMENTATION_COMMENTS = YES;
				CLANG_WARN_EMPTY_BODY = YES;
				CLANG_WARN_ENUM_CONVERSION = YES;
				CLANG_WARN_INFINITE_RECURSION = YES;
				CLANG_WARN_INT_CONVERSION = YES;
				CLANG_WARN_NON_LITERAL_NULL_CONVERSION = YES;
				CLANG_WARN_OBJC_IMPLICIT_RETAIN_SELF = YES;
				CLANG_WARN_OBJC_LITERAL_CONVERSION = YES;
				CLANG_WARN_OBJC_ROOT_CLASS = YES_ERROR;
				CLANG_WARN_QUOTED_INCLUDE_IN_FRAMEWORK_HEADER = YES;
				CLANG_WARN_RANGE_LOOP_ANALYSIS = YES;
				CLANG_WARN_STRICT_PROTOTYPES = YES;
				CLANG_WARN_SUSPICIOUS_MOVE = YES;
				CLANG_WARN_UNGUARDED_AVAILABILITY = YES_AGGRESSIVE;
				CLANG_WARN_UNREACHABLE_CODE = YES;
				CLANG_WARN__DUPLICATE_METHOD_MATCH = YES;
				COPY_PHASE_STRIP = NO;
				DEBUG_INFORMATION_FORMAT = "dwarf-with-dsym";
				ENABLE_NS_ASSERTIONS = NO;
				ENABLE_STRICT_OBJC_MSGSEND = YES;
				GCC_C_LANGUAGE_STANDARD = gnu11;
				GCC_NO_COMMON_BLOCKS = YES;
				GCC_WARN_64_TO_32_BIT_CONVERSION = YES;
				GCC_WARN_ABOUT_RETURN_TYPE = YES_ERROR;
				GCC_WARN_UNDECLARED_SELECTOR = YES;
				GCC_WARN_UNINITIALIZED_AUTOS = YES_AGGRESSIVE;
				GCC_WARN_UNUSED_FUNCTION = YES;
				GCC_WARN_UNUSED_VARIABLE = YES;
				MACOSX_DEPLOYMENT_TARGET = 13.1;
				MTL_ENABLE_DEBUG_INFO = NO;
				MTL_FAST_MATH = YES;
				SDKROOT = macosx;
			};
			name = Release;
		};
		DBCF562A2994444100536B7C /* Debug */ = {
			isa = XCBuildConfiguration;
			buildSettings = {
				CODE_SIGN_STYLE = Automatic;
				DEVELOPMENT_TEAM = 25Q42646VD;
				EXECUTABLE_PREFIX = lib;
				GCC_ENABLE_CPP_EXCEPTIONS = YES;
				GCC_ENABLE_CPP_RTTI = YES;
				PRODUCT_NAME = "$(TARGET_NAME)";
				SKIP_INSTALL = YES;
			};
			name = Debug;
		};
		DBCF562B2994444100536B7C /* Release */ = {
			isa = XCBuildConfiguration;
			buildSettings = {
				CODE_SIGN_STYLE = Automatic;
				DEVELOPMENT_TEAM = 25Q42646VD;
				EXECUTABLE_PREFIX = lib;
				GCC_ENABLE_CPP_EXCEPTIONS = YES;
				GCC_ENABLE_CPP_RTTI = YES;
				PRODUCT_NAME = "$(TARGET_NAME)";
				SKIP_INSTALL = YES;
			};
			name = Release;
		};
		DBCF56382994446F00536B7C /* Debug */ = {
			isa = XCBuildConfiguration;
			buildSettings = {
				CODE_SIGN_STYLE = Automatic;
				CURRENT_PROJECT_VERSION = 1;
				DEVELOPMENT_TEAM = 25Q42646VD;
				GENERATE_INFOPLIST_FILE = YES;
				MARKETING_VERSION = 1.0;
				PRODUCT_BUNDLE_IDENTIFIER = com.catinabox.Tests;
				PRODUCT_NAME = "$(TARGET_NAME)";
				SWIFT_EMIT_LOC_STRINGS = NO;
			};
			name = Debug;
		};
		DBCF56392994446F00536B7C /* Release */ = {
			isa = XCBuildConfiguration;
			buildSettings = {
				CODE_SIGN_STYLE = Automatic;
				CURRENT_PROJECT_VERSION = 1;
				DEVELOPMENT_TEAM = 25Q42646VD;
				GENERATE_INFOPLIST_FILE = YES;
				MARKETING_VERSION = 1.0;
				PRODUCT_BUNDLE_IDENTIFIER = com.catinabox.Tests;
				PRODUCT_NAME = "$(TARGET_NAME)";
				SWIFT_EMIT_LOC_STRINGS = NO;
			};
			name = Release;
		};
/* End XCBuildConfiguration section */

/* Begin XCConfigurationList section */
		DBCF56192994444100536B7C /* Build configuration list for PBXProject "CppPractice" */ = {
			isa = XCConfigurationList;
			buildConfigurations = (
				DBCF56272994444100536B7C /* Debug */,
				DBCF56282994444100536B7C /* Release */,
			);
			defaultConfigurationIsVisible = 0;
			defaultConfigurationName = Release;
		};
		DBCF56292994444100536B7C /* Build configuration list for PBXNativeTarget "CppPractice" */ = {
			isa = XCConfigurationList;
			buildConfigurations = (
				DBCF562A2994444100536B7C /* Debug */,
				DBCF562B2994444100536B7C /* Release */,
			);
			defaultConfigurationIsVisible = 0;
			defaultConfigurationName = Release;
		};
		DBCF56372994446F00536B7C /* Build configuration list for PBXNativeTarget "Tests" */ = {
			isa = XCConfigurationList;
			buildConfigurations = (
				DBCF56382994446F00536B7C /* Debug */,
				DBCF56392994446F00536B7C /* Release */,
			);
			defaultConfigurationIsVisible = 0;
			defaultConfigurationName = Release;
		};
/* End XCConfigurationList section */
	};
	rootObject = DBCF56162994444100536B7C /* Project object */;
}
